// !$*UTF8*$!
{
	archiveVersion = 1;
	classes = {
	};
	objectVersion = 55;
	objects = {

/* Begin PBXBuildFile section */
		02260163274BCA9100471BB7 /* BrandsModel.swift in Sources */ = {isa = PBXBuildFile; fileRef = 02260162274BCA9100471BB7 /* BrandsModel.swift */; };
		02BC62D3274BA2E700D5BF66 /* CellDetailsViewController.swift in Sources */ = {isa = PBXBuildFile; fileRef = 02BC62D2274BA2E700D5BF66 /* CellDetailsViewController.swift */; };
		02BEA8D52744ECBB00339D91 /* MainDetailsViewController.swift in Sources */ = {isa = PBXBuildFile; fileRef = 02BEA8D42744ECBB00339D91 /* MainDetailsViewController.swift */; };
		02BEA8D82744F0EE00339D91 /* AuthFlowViewController.swift in Sources */ = {isa = PBXBuildFile; fileRef = 02BEA8D72744F0EE00339D91 /* AuthFlowViewController.swift */; };
		02BEA8DA2744F0F800339D91 /* SignInViewController.swift in Sources */ = {isa = PBXBuildFile; fileRef = 02BEA8D92744F0F800339D91 /* SignInViewController.swift */; };
		02BEA8DC2744F10200339D91 /* SignUpViewController.swift in Sources */ = {isa = PBXBuildFile; fileRef = 02BEA8DB2744F10200339D91 /* SignUpViewController.swift */; };
		02BEA8DE2744F10900339D91 /* AuthFlow.storyboard in Resources */ = {isa = PBXBuildFile; fileRef = 02BEA8DD2744F10900339D91 /* AuthFlow.storyboard */; };
		02BEA8E027451EDB00339D91 /* MainFlow.storyboard in Resources */ = {isa = PBXBuildFile; fileRef = 02BEA8DF27451EDB00339D91 /* MainFlow.storyboard */; };
		02BEA8E22745979400339D91 /* DefaultKeys.swift in Sources */ = {isa = PBXBuildFile; fileRef = 02BEA8E12745979400339D91 /* DefaultKeys.swift */; };
		02C2AA0A2747BC0000004222 /* CustomTableViewCell.swift in Sources */ = {isa = PBXBuildFile; fileRef = 02C2AA092747BBFF00004222 /* CustomTableViewCell.swift */; };
		02D2109627445960001AC554 /* TopFlowViewController.swift in Sources */ = {isa = PBXBuildFile; fileRef = 02D2109527445960001AC554 /* TopFlowViewController.swift */; };
		02D2109827445967001AC554 /* TopFlow.storyboard in Resources */ = {isa = PBXBuildFile; fileRef = 02D2109727445967001AC554 /* TopFlow.storyboard */; };
		02D2109A274459D5001AC554 /* MainFlowViewController.swift in Sources */ = {isa = PBXBuildFile; fileRef = 02D21099274459D5001AC554 /* MainFlowViewController.swift */; };
		02D2109E274459E9001AC554 /* MainViewController.swift in Sources */ = {isa = PBXBuildFile; fileRef = 02D2109D274459E9001AC554 /* MainViewController.swift */; };
		02D210A0274459FA001AC554 /* Main.storyboard in Resources */ = {isa = PBXBuildFile; fileRef = 02D2109F274459FA001AC554 /* Main.storyboard */; };
		49BA10C3273327250067504C /* AppDelegate.swift in Sources */ = {isa = PBXBuildFile; fileRef = 49BA10C2273327250067504C /* AppDelegate.swift */; };
		49BA10C5273327250067504C /* SceneDelegate.swift in Sources */ = {isa = PBXBuildFile; fileRef = 49BA10C4273327250067504C /* SceneDelegate.swift */; };
		49BA10C7273327250067504C /* ProfileFlowViewController.swift in Sources */ = {isa = PBXBuildFile; fileRef = 49BA10C6273327250067504C /* ProfileFlowViewController.swift */; };
		49BA10CA273327250067504C /* ProfileFlow.storyboard in Resources */ = {isa = PBXBuildFile; fileRef = 49BA10C8273327250067504C /* ProfileFlow.storyboard */; };
		49BA10CC273327260067504C /* Assets.xcassets in Resources */ = {isa = PBXBuildFile; fileRef = 49BA10CB273327260067504C /* Assets.xcassets */; };
		49BA10CF273327260067504C /* LaunchScreen.storyboard in Resources */ = {isa = PBXBuildFile; fileRef = 49BA10CD273327260067504C /* LaunchScreen.storyboard */; };
/* End PBXBuildFile section */

/* Begin PBXFileReference section */
		02260162274BCA9100471BB7 /* BrandsModel.swift */ = {isa = PBXFileReference; lastKnownFileType = sourcecode.swift; path = BrandsModel.swift; sourceTree = "<group>"; };
		02BC62D2274BA2E700D5BF66 /* CellDetailsViewController.swift */ = {isa = PBXFileReference; lastKnownFileType = sourcecode.swift; path = CellDetailsViewController.swift; sourceTree = "<group>"; };
		02BEA8D42744ECBB00339D91 /* MainDetailsViewController.swift */ = {isa = PBXFileReference; lastKnownFileType = sourcecode.swift; path = MainDetailsViewController.swift; sourceTree = "<group>"; };
		02BEA8D72744F0EE00339D91 /* AuthFlowViewController.swift */ = {isa = PBXFileReference; lastKnownFileType = sourcecode.swift; path = AuthFlowViewController.swift; sourceTree = "<group>"; };
		02BEA8D92744F0F800339D91 /* SignInViewController.swift */ = {isa = PBXFileReference; lastKnownFileType = sourcecode.swift; path = SignInViewController.swift; sourceTree = "<group>"; };
		02BEA8DB2744F10200339D91 /* SignUpViewController.swift */ = {isa = PBXFileReference; lastKnownFileType = sourcecode.swift; path = SignUpViewController.swift; sourceTree = "<group>"; };
		02BEA8DD2744F10900339D91 /* AuthFlow.storyboard */ = {isa = PBXFileReference; lastKnownFileType = file.storyboard; path = AuthFlow.storyboard; sourceTree = "<group>"; };
		02BEA8DF27451EDB00339D91 /* MainFlow.storyboard */ = {isa = PBXFileReference; lastKnownFileType = file.storyboard; path = MainFlow.storyboard; sourceTree = "<group>"; };
		02BEA8E12745979400339D91 /* DefaultKeys.swift */ = {isa = PBXFileReference; lastKnownFileType = sourcecode.swift; path = DefaultKeys.swift; sourceTree = "<group>"; };
		02C2AA092747BBFF00004222 /* CustomTableViewCell.swift */ = {isa = PBXFileReference; lastKnownFileType = sourcecode.swift; path = CustomTableViewCell.swift; sourceTree = "<group>"; };
		02D2109527445960001AC554 /* TopFlowViewController.swift */ = {isa = PBXFileReference; lastKnownFileType = sourcecode.swift; path = TopFlowViewController.swift; sourceTree = "<group>"; };
		02D2109727445967001AC554 /* TopFlow.storyboard */ = {isa = PBXFileReference; lastKnownFileType = file.storyboard; path = TopFlow.storyboard; sourceTree = "<group>"; };
		02D21099274459D5001AC554 /* MainFlowViewController.swift */ = {isa = PBXFileReference; lastKnownFileType = sourcecode.swift; path = MainFlowViewController.swift; sourceTree = "<group>"; };
		02D2109D274459E9001AC554 /* MainViewController.swift */ = {isa = PBXFileReference; lastKnownFileType = sourcecode.swift; path = MainViewController.swift; sourceTree = "<group>"; };
		02D2109F274459FA001AC554 /* Main.storyboard */ = {isa = PBXFileReference; lastKnownFileType = file.storyboard; path = Main.storyboard; sourceTree = "<group>"; };
		49BA10BF273327250067504C /* nikolaiev_lecture_course_project.app */ = {isa = PBXFileReference; explicitFileType = wrapper.application; includeInIndex = 0; path = nikolaiev_lecture_course_project.app; sourceTree = BUILT_PRODUCTS_DIR; };
		49BA10C2273327250067504C /* AppDelegate.swift */ = {isa = PBXFileReference; lastKnownFileType = sourcecode.swift; path = AppDelegate.swift; sourceTree = "<group>"; };
		49BA10C4273327250067504C /* SceneDelegate.swift */ = {isa = PBXFileReference; lastKnownFileType = sourcecode.swift; path = SceneDelegate.swift; sourceTree = "<group>"; };
		49BA10C6273327250067504C /* ProfileFlowViewController.swift */ = {isa = PBXFileReference; lastKnownFileType = sourcecode.swift; path = ProfileFlowViewController.swift; sourceTree = "<group>"; };
		49BA10C9273327250067504C /* Base */ = {isa = PBXFileReference; lastKnownFileType = file.storyboard; name = Base; path = Base.lproj/ProfileFlow.storyboard; sourceTree = "<group>"; };
		49BA10CB273327260067504C /* Assets.xcassets */ = {isa = PBXFileReference; lastKnownFileType = folder.assetcatalog; path = Assets.xcassets; sourceTree = "<group>"; };
		49BA10CE273327260067504C /* Base */ = {isa = PBXFileReference; lastKnownFileType = file.storyboard; name = Base; path = Base.lproj/LaunchScreen.storyboard; sourceTree = "<group>"; };
		49BA10D0273327260067504C /* Info.plist */ = {isa = PBXFileReference; lastKnownFileType = text.plist.xml; path = Info.plist; sourceTree = "<group>"; };
/* End PBXFileReference section */

/* Begin PBXFrameworksBuildPhase section */
		49BA10BC273327250067504C /* Frameworks */ = {
			isa = PBXFrameworksBuildPhase;
			buildActionMask = 2147483647;
			files = (
			);
			runOnlyForDeploymentPostprocessing = 0;
		};
/* End PBXFrameworksBuildPhase section */

/* Begin PBXGroup section */
		02BEA8D62744F0E100339D91 /* AuthFlow */ = {
			isa = PBXGroup;
			children = (
				02BEA8D72744F0EE00339D91 /* AuthFlowViewController.swift */,
				02BEA8D92744F0F800339D91 /* SignInViewController.swift */,
				02BEA8DB2744F10200339D91 /* SignUpViewController.swift */,
				02BEA8DD2744F10900339D91 /* AuthFlow.storyboard */,
			);
			path = AuthFlow;
			sourceTree = "<group>";
		};
		02D2108F2744592E001AC554 /* Main */ = {
			isa = PBXGroup;
			children = (
				02D2109D274459E9001AC554 /* MainViewController.swift */,
				02D2109F274459FA001AC554 /* Main.storyboard */,
			);
			path = Main;
			sourceTree = "<group>";
		};
		02D2109127445941001AC554 /* Flows */ = {
			isa = PBXGroup;
			children = (
				02BEA8D62744F0E100339D91 /* AuthFlow */,
				02D2109227445945001AC554 /* Main */,
				02D2109427445953001AC554 /* Top */,
				02D210932744594D001AC554 /* Profile */,
			);
			path = Flows;
			sourceTree = "<group>";
		};
		02D2109227445945001AC554 /* Main */ = {
			isa = PBXGroup;
			children = (
				02D21099274459D5001AC554 /* MainFlowViewController.swift */,
				02BEA8D42744ECBB00339D91 /* MainDetailsViewController.swift */,
				02BC62D2274BA2E700D5BF66 /* CellDetailsViewController.swift */,
				02C2AA092747BBFF00004222 /* CustomTableViewCell.swift */,
				02BEA8DF27451EDB00339D91 /* MainFlow.storyboard */,
			);
			path = Main;
			sourceTree = "<group>";
		};
		02D210932744594D001AC554 /* Profile */ = {
			isa = PBXGroup;
			children = (
				49BA10C6273327250067504C /* ProfileFlowViewController.swift */,
				49BA10C8273327250067504C /* ProfileFlow.storyboard */,
			);
			path = Profile;
			sourceTree = "<group>";
		};
		02D2109427445953001AC554 /* Top */ = {
			isa = PBXGroup;
			children = (
				02D2109527445960001AC554 /* TopFlowViewController.swift */,
				02D2109727445967001AC554 /* TopFlow.storyboard */,
			);
			path = Top;
			sourceTree = "<group>";
		};
		49BA10B6273327250067504C = {
			isa = PBXGroup;
			children = (
				49BA10C1273327250067504C /* nikolaiev_lecture_course_project */,
				49BA10C0273327250067504C /* Products */,
			);
			sourceTree = "<group>";
		};
		49BA10C0273327250067504C /* Products */ = {
			isa = PBXGroup;
			children = (
				49BA10BF273327250067504C /* nikolaiev_lecture_course_project.app */,
			);
			name = Products;
			sourceTree = "<group>";
		};
		49BA10C1273327250067504C /* nikolaiev_lecture_course_project */ = {
			isa = PBXGroup;
			children = (
				49BA10C2273327250067504C /* AppDelegate.swift */,
				02BEA8E12745979400339D91 /* DefaultKeys.swift */,
				02260162274BCA9100471BB7 /* BrandsModel.swift */,
				49BA10C4273327250067504C /* SceneDelegate.swift */,
				02D2108F2744592E001AC554 /* Main */,
				02D2109127445941001AC554 /* Flows */,
				49BA10CB273327260067504C /* Assets.xcassets */,
				49BA10CD273327260067504C /* LaunchScreen.storyboard */,
				49BA10D0273327260067504C /* Info.plist */,
			);
			path = nikolaiev_lecture_course_project;
			sourceTree = "<group>";
		};
/* End PBXGroup section */

/* Begin PBXNativeTarget section */
		49BA10BE273327250067504C /* nikolaiev_lecture_course_project */ = {
			isa = PBXNativeTarget;
			buildConfigurationList = 49BA10D3273327260067504C /* Build configuration list for PBXNativeTarget "nikolaiev_lecture_course_project" */;
			buildPhases = (
				49BA10BB273327250067504C /* Sources */,
				49BA10BC273327250067504C /* Frameworks */,
				49BA10BD273327250067504C /* Resources */,
			);
			buildRules = (
			);
			dependencies = (
			);
			name = nikolaiev_lecture_course_project;
			productName = nikolaiev_lecture_course_project;
			productReference = 49BA10BF273327250067504C /* nikolaiev_lecture_course_project.app */;
			productType = "com.apple.product-type.application";
		};
/* End PBXNativeTarget section */

/* Begin PBXProject section */
		49BA10B7273327250067504C /* Project object */ = {
			isa = PBXProject;
			attributes = {
				BuildIndependentTargetsInParallel = 1;
				LastSwiftUpdateCheck = 1310;
				LastUpgradeCheck = 1310;
				TargetAttributes = {
					49BA10BE273327250067504C = {
						CreatedOnToolsVersion = 13.1;
					};
				};
			};
			buildConfigurationList = 49BA10BA273327250067504C /* Build configuration list for PBXProject "nikolaiev_lecture_course_project" */;
			compatibilityVersion = "Xcode 13.0";
			developmentRegion = en;
			hasScannedForEncodings = 0;
			knownRegions = (
				en,
				Base,
			);
			mainGroup = 49BA10B6273327250067504C;
			productRefGroup = 49BA10C0273327250067504C /* Products */;
			projectDirPath = "";
			projectRoot = "";
			targets = (
				49BA10BE273327250067504C /* nikolaiev_lecture_course_project */,
			);
		};
/* End PBXProject section */

/* Begin PBXResourcesBuildPhase section */
		49BA10BD273327250067504C /* Resources */ = {
			isa = PBXResourcesBuildPhase;
			buildActionMask = 2147483647;
			files = (
				02D2109827445967001AC554 /* TopFlow.storyboard in Resources */,
				49BA10CF273327260067504C /* LaunchScreen.storyboard in Resources */,
				02BEA8E027451EDB00339D91 /* MainFlow.storyboard in Resources */,
				49BA10CC273327260067504C /* Assets.xcassets in Resources */,
				02D210A0274459FA001AC554 /* Main.storyboard in Resources */,
				02BEA8DE2744F10900339D91 /* AuthFlow.storyboard in Resources */,
				49BA10CA273327250067504C /* ProfileFlow.storyboard in Resources */,
			);
			runOnlyForDeploymentPostprocessing = 0;
		};
/* End PBXResourcesBuildPhase section */

/* Begin PBXSourcesBuildPhase section */
		49BA10BB273327250067504C /* Sources */ = {
			isa = PBXSourcesBuildPhase;
			buildActionMask = 2147483647;
			files = (
				02BEA8D82744F0EE00339D91 /* AuthFlowViewController.swift in Sources */,
				02D2109A274459D5001AC554 /* MainFlowViewController.swift in Sources */,
				02D2109627445960001AC554 /* TopFlowViewController.swift in Sources */,
				02BC62D3274BA2E700D5BF66 /* CellDetailsViewController.swift in Sources */,
				49BA10C7273327250067504C /* ProfileFlowViewController.swift in Sources */,
				02BEA8DC2744F10200339D91 /* SignUpViewController.swift in Sources */,
				02BEA8D52744ECBB00339D91 /* MainDetailsViewController.swift in Sources */,
				02260163274BCA9100471BB7 /* BrandsModel.swift in Sources */,
				02C2AA0A2747BC0000004222 /* CustomTableViewCell.swift in Sources */,
				02BEA8E22745979400339D91 /* DefaultKeys.swift in Sources */,
				02BEA8DA2744F0F800339D91 /* SignInViewController.swift in Sources */,
				02D2109E274459E9001AC554 /* MainViewController.swift in Sources */,
				49BA10C3273327250067504C /* AppDelegate.swift in Sources */,
				49BA10C5273327250067504C /* SceneDelegate.swift in Sources */,
			);
			runOnlyForDeploymentPostprocessing = 0;
		};
/* End PBXSourcesBuildPhase section */

/* Begin PBXVariantGroup section */
		49BA10C8273327250067504C /* ProfileFlow.storyboard */ = {
			isa = PBXVariantGroup;
			children = (
				49BA10C9273327250067504C /* Base */,
			);
			name = ProfileFlow.storyboard;
			sourceTree = "<group>";
		};
		49BA10CD273327260067504C /* LaunchScreen.storyboard */ = {
			isa = PBXVariantGroup;
			children = (
				49BA10CE273327260067504C /* Base */,
			);
			name = LaunchScreen.storyboard;
			sourceTree = "<group>";
		};
/* End PBXVariantGroup section */

/* Begin XCBuildConfiguration section */
		49BA10D1273327260067504C /* Debug */ = {
			isa = XCBuildConfiguration;
			buildSettings = {
				ALWAYS_SEARCH_USER_PATHS = NO;
				CLANG_ANALYZER_NONNULL = YES;
				CLANG_ANALYZER_NUMBER_OBJECT_CONVERSION = YES_AGGRESSIVE;
				CLANG_CXX_LANGUAGE_STANDARD = "gnu++17";
				CLANG_CXX_LIBRARY = "libc++";
				CLANG_ENABLE_MODULES = YES;
				CLANG_ENABLE_OBJC_ARC = YES;
				CLANG_ENABLE_OBJC_WEAK = YES;
				CLANG_WARN_BLOCK_CAPTURE_AUTORELEASING = YES;
				CLANG_WARN_BOOL_CONVERSION = YES;
				CLANG_WARN_COMMA = YES;
				CLANG_WARN_CONSTANT_CONVERSION = YES;
				CLANG_WARN_DEPRECATED_OBJC_IMPLEMENTATIONS = YES;
				CLANG_WARN_DIRECT_OBJC_ISA_USAGE = YES_ERROR;
				CLANG_WARN_DOCUMENTATION_COMMENTS = YES;
				CLANG_WARN_EMPTY_BODY = YES;
				CLANG_WARN_ENUM_CONVERSION = YES;
				CLANG_WARN_INFINITE_RECURSION = YES;
				CLANG_WARN_INT_CONVERSION = YES;
				CLANG_WARN_NON_LITERAL_NULL_CONVERSION = YES;
				CLANG_WARN_OBJC_IMPLICIT_RETAIN_SELF = YES;
				CLANG_WARN_OBJC_LITERAL_CONVERSION = YES;
				CLANG_WARN_OBJC_ROOT_CLASS = YES_ERROR;
				CLANG_WARN_QUOTED_INCLUDE_IN_FRAMEWORK_HEADER = YES;
				CLANG_WARN_RANGE_LOOP_ANALYSIS = YES;
				CLANG_WARN_STRICT_PROTOTYPES = YES;
				CLANG_WARN_SUSPICIOUS_MOVE = YES;
				CLANG_WARN_UNGUARDED_AVAILABILITY = YES_AGGRESSIVE;
				CLANG_WARN_UNREACHABLE_CODE = YES;
				CLANG_WARN__DUPLICATE_METHOD_MATCH = YES;
				COPY_PHASE_STRIP = NO;
				DEBUG_INFORMATION_FORMAT = dwarf;
				ENABLE_STRICT_OBJC_MSGSEND = YES;
				ENABLE_TESTABILITY = YES;
				GCC_C_LANGUAGE_STANDARD = gnu11;
				GCC_DYNAMIC_NO_PIC = NO;
				GCC_NO_COMMON_BLOCKS = YES;
				GCC_OPTIMIZATION_LEVEL = 0;
				GCC_PREPROCESSOR_DEFINITIONS = (
					"DEBUG=1",
					"$(inherited)",
				);
				GCC_WARN_64_TO_32_BIT_CONVERSION = YES;
				GCC_WARN_ABOUT_RETURN_TYPE = YES_ERROR;
				GCC_WARN_UNDECLARED_SELECTOR = YES;
				GCC_WARN_UNINITIALIZED_AUTOS = YES_AGGRESSIVE;
				GCC_WARN_UNUSED_FUNCTION = YES;
				GCC_WARN_UNUSED_VARIABLE = YES;
				IPHONEOS_DEPLOYMENT_TARGET = 15.0;
				MTL_ENABLE_DEBUG_INFO = INCLUDE_SOURCE;
				MTL_FAST_MATH = YES;
				ONLY_ACTIVE_ARCH = YES;
				SDKROOT = iphoneos;
				SWIFT_ACTIVE_COMPILATION_CONDITIONS = DEBUG;
				SWIFT_OPTIMIZATION_LEVEL = "-Onone";
			};
			name = Debug;
		};
		49BA10D2273327260067504C /* Release */ = {
			isa = XCBuildConfiguration;
			buildSettings = {
				ALWAYS_SEARCH_USER_PATHS = NO;
				CLANG_ANALYZER_NONNULL = YES;
				CLANG_ANALYZER_NUMBER_OBJECT_CONVERSION = YES_AGGRESSIVE;
				CLANG_CXX_LANGUAGE_STANDARD = "gnu++17";
				CLANG_CXX_LIBRARY = "libc++";
				CLANG_ENABLE_MODULES = YES;
				CLANG_ENABLE_OBJC_ARC = YES;
				CLANG_ENABLE_OBJC_WEAK = YES;
				CLANG_WARN_BLOCK_CAPTURE_AUTORELEASING = YES;
				CLANG_WARN_BOOL_CONVERSION = YES;
				CLANG_WARN_COMMA = YES;
				CLANG_WARN_CONSTANT_CONVERSION = YES;
				CLANG_WARN_DEPRECATED_OBJC_IMPLEMENTATIONS = YES;
				CLANG_WARN_DIRECT_OBJC_ISA_USAGE = YES_ERROR;
				CLANG_WARN_DOCUMENTATION_COMMENTS = YES;
				CLANG_WARN_EMPTY_BODY = YES;
				CLANG_WARN_ENUM_CONVERSION = YES;
				CLANG_WARN_INFINITE_RECURSION = YES;
				CLANG_WARN_INT_CONVERSION = YES;
				CLANG_WARN_NON_LITERAL_NULL_CONVERSION = YES;
				CLANG_WARN_OBJC_IMPLICIT_RETAIN_SELF = YES;
				CLANG_WARN_OBJC_LITERAL_CONVERSION = YES;
				CLANG_WARN_OBJC_ROOT_CLASS = YES_ERROR;
				CLANG_WARN_QUOTED_INCLUDE_IN_FRAMEWORK_HEADER = YES;
				CLANG_WARN_RANGE_LOOP_ANALYSIS = YES;
				CLANG_WARN_STRICT_PROTOTYPES = YES;
				CLANG_WARN_SUSPICIOUS_MOVE = YES;
				CLANG_WARN_UNGUARDED_AVAILABILITY = YES_AGGRESSIVE;
				CLANG_WARN_UNREACHABLE_CODE = YES;
				CLANG_WARN__DUPLICATE_METHOD_MATCH = YES;
				COPY_PHASE_STRIP = NO;
				DEBUG_INFORMATION_FORMAT = "dwarf-with-dsym";
				ENABLE_NS_ASSERTIONS = NO;
				ENABLE_STRICT_OBJC_MSGSEND = YES;
				GCC_C_LANGUAGE_STANDARD = gnu11;
				GCC_NO_COMMON_BLOCKS = YES;
				GCC_WARN_64_TO_32_BIT_CONVERSION = YES;
				GCC_WARN_ABOUT_RETURN_TYPE = YES_ERROR;
				GCC_WARN_UNDECLARED_SELECTOR = YES;
				GCC_WARN_UNINITIALIZED_AUTOS = YES_AGGRESSIVE;
				GCC_WARN_UNUSED_FUNCTION = YES;
				GCC_WARN_UNUSED_VARIABLE = YES;
				IPHONEOS_DEPLOYMENT_TARGET = 15.0;
				MTL_ENABLE_DEBUG_INFO = NO;
				MTL_FAST_MATH = YES;
				SDKROOT = iphoneos;
				SWIFT_COMPILATION_MODE = wholemodule;
				SWIFT_OPTIMIZATION_LEVEL = "-O";
				VALIDATE_PRODUCT = YES;
			};
			name = Release;
		};
		49BA10D4273327260067504C /* Debug */ = {
			isa = XCBuildConfiguration;
			buildSettings = {
				ASSETCATALOG_COMPILER_APPICON_NAME = AppIcon;
				ASSETCATALOG_COMPILER_GLOBAL_ACCENT_COLOR_NAME = AccentColor;
				CODE_SIGN_STYLE = Automatic;
				CURRENT_PROJECT_VERSION = 1;
				DEVELOPMENT_TEAM = Z6PLFXD39N;
				GENERATE_INFOPLIST_FILE = YES;
				INFOPLIST_FILE = nikolaiev_lecture_course_project/Info.plist;
				INFOPLIST_KEY_UIApplicationSupportsIndirectInputEvents = YES;
				INFOPLIST_KEY_UILaunchStoryboardName = LaunchScreen;
				INFOPLIST_KEY_UIMainStoryboardFile = Main;
				INFOPLIST_KEY_UISupportedInterfaceOrientations_iPad = "UIInterfaceOrientationPortrait UIInterfaceOrientationPortraitUpsideDown UIInterfaceOrientationLandscapeLeft UIInterfaceOrientationLandscapeRight";
				INFOPLIST_KEY_UISupportedInterfaceOrientations_iPhone = "UIInterfaceOrientationPortrait UIInterfaceOrientationLandscapeLeft UIInterfaceOrientationLandscapeRight";
				IPHONEOS_DEPLOYMENT_TARGET = 13.0;
				LD_RUNPATH_SEARCH_PATHS = (
					"$(inherited)",
					"@executable_path/Frameworks",
				);
				MARKETING_VERSION = 1.0;
				PRODUCT_BUNDLE_IDENTIFIER = "com.sergeinikolaiev.nikolaiev-lecture-course-project";
				PRODUCT_NAME = "$(TARGET_NAME)";
				SWIFT_EMIT_LOC_STRINGS = YES;
				SWIFT_VERSION = 5.0;
				TARGETED_DEVICE_FAMILY = "1,2";
			};
			name = Debug;
		};
		49BA10D5273327260067504C /* Release */ = {
			isa = XCBuildConfiguration;
			buildSettings = {
				ASSETCATALOG_COMPILER_APPICON_NAME = AppIcon;
				ASSETCATALOG_COMPILER_GLOBAL_ACCENT_COLOR_NAME = AccentColor;
				CODE_SIGN_STYLE = Automatic;
				CURRENT_PROJECT_VERSION = 1;
				DEVELOPMENT_TEAM = Z6PLFXD39N;
				GENERATE_INFOPLIST_FILE = YES;
				INFOPLIST_FILE = nikolaiev_lecture_course_project/Info.plist;
				INFOPLIST_KEY_UIApplicationSupportsIndirectInputEvents = YES;
				INFOPLIST_KEY_UILaunchStoryboardName = LaunchScreen;
				INFOPLIST_KEY_UIMainStoryboardFile = Main;
				INFOPLIST_KEY_UISupportedInterfaceOrientations_iPad = "UIInterfaceOrientationPortrait UIInterfaceOrientationPortraitUpsideDown UIInterfaceOrientationLandscapeLeft UIInterfaceOrientationLandscapeRight";
				INFOPLIST_KEY_UISupportedInterfaceOrientations_iPhone = "UIInterfaceOrientationPortrait UIInterfaceOrientationLandscapeLeft UIInterfaceOrientationLandscapeRight";
				IPHONEOS_DEPLOYMENT_TARGET = 13.0;
				LD_RUNPATH_SEARCH_PATHS = (
					"$(inherited)",
					"@executable_path/Frameworks",
				);
				MARKETING_VERSION = 1.0;
				PRODUCT_BUNDLE_IDENTIFIER = "com.sergeinikolaiev.nikolaiev-lecture-course-project";
				PRODUCT_NAME = "$(TARGET_NAME)";
				SWIFT_EMIT_LOC_STRINGS = YES;
				SWIFT_VERSION = 5.0;
				TARGETED_DEVICE_FAMILY = "1,2";
			};
			name = Release;
		};
/* End XCBuildConfiguration section */

/* Begin XCConfigurationList section */
		49BA10BA273327250067504C /* Build configuration list for PBXProject "nikolaiev_lecture_course_project" */ = {
			isa = XCConfigurationList;
			buildConfigurations = (
				49BA10D1273327260067504C /* Debug */,
				49BA10D2273327260067504C /* Release */,
			);
			defaultConfigurationIsVisible = 0;
			defaultConfigurationName = Release;
		};
		49BA10D3273327260067504C /* Build configuration list for PBXNativeTarget "nikolaiev_lecture_course_project" */ = {
			isa = XCConfigurationList;
			buildConfigurations = (
				49BA10D4273327260067504C /* Debug */,
				49BA10D5273327260067504C /* Release */,
			);
			defaultConfigurationIsVisible = 0;
			defaultConfigurationName = Release;
		};
/* End XCConfigurationList section */
	};
	rootObject = 49BA10B7273327250067504C /* Project object */;
}
